// !$*UTF8*$!
{
	archiveVersion = 1;
	classes = {
	};
	objectVersion = 55;
	objects = {

/* Begin PBXBuildFile section */
		024C4DB0A8E0BE299DCD579F /* Pods_LocalWeather.framework in Frameworks */ = {isa = PBXBuildFile; fileRef = D227DAE76E12E9DC34785174 /* Pods_LocalWeather.framework */; };
		843A62A827A2170D0056EB10 /* AppDelegate.swift in Sources */ = {isa = PBXBuildFile; fileRef = 843A62A727A2170D0056EB10 /* AppDelegate.swift */; };
		843A62AA27A2170D0056EB10 /* SceneDelegate.swift in Sources */ = {isa = PBXBuildFile; fileRef = 843A62A927A2170D0056EB10 /* SceneDelegate.swift */; };
		843A62AC27A2170D0056EB10 /* MainViewController.swift in Sources */ = {isa = PBXBuildFile; fileRef = 843A62AB27A2170D0056EB10 /* MainViewController.swift */; };
		843A62B127A2170E0056EB10 /* Assets.xcassets in Resources */ = {isa = PBXBuildFile; fileRef = 843A62B027A2170E0056EB10 /* Assets.xcassets */; };
		843A62B427A2170E0056EB10 /* LaunchScreen.storyboard in Resources */ = {isa = PBXBuildFile; fileRef = 843A62B227A2170E0056EB10 /* LaunchScreen.storyboard */; };
		843A62C127A224230056EB10 /* UIView.swift in Sources */ = {isa = PBXBuildFile; fileRef = 843A62C027A224230056EB10 /* UIView.swift */; };
		843A62C427A224B40056EB10 /* NetworkService.swift in Sources */ = {isa = PBXBuildFile; fileRef = 843A62C327A224B40056EB10 /* NetworkService.swift */; };
		843A62EC27A241110056EB10 /* Int.swift in Sources */ = {isa = PBXBuildFile; fileRef = 843A62EB27A241110056EB10 /* Int.swift */; };
		843A62EE27A241630056EB10 /* Device.swift in Sources */ = {isa = PBXBuildFile; fileRef = 843A62ED27A241630056EB10 /* Device.swift */; };
		843A630327A3B3F50056EB10 /* WeatherModel.swift in Sources */ = {isa = PBXBuildFile; fileRef = 843A630227A3B3F50056EB10 /* WeatherModel.swift */; };
		843A630527A3B69D0056EB10 /* Key.swift in Sources */ = {isa = PBXBuildFile; fileRef = 843A630427A3B69D0056EB10 /* Key.swift */; };
		843A630727A3B89D0056EB10 /* WeatherService.swift in Sources */ = {isa = PBXBuildFile; fileRef = 843A630627A3B89D0056EB10 /* WeatherService.swift */; };
		843A630927A3D6E90056EB10 /* WeatherViewModel.swift in Sources */ = {isa = PBXBuildFile; fileRef = 843A630827A3D6E90056EB10 /* WeatherViewModel.swift */; };
		843A630B27A3D70B0056EB10 /* ViewModel.swift in Sources */ = {isa = PBXBuildFile; fileRef = 843A630A27A3D70B0056EB10 /* ViewModel.swift */; };
		EB5BA5DA27A50D3E00C51B37 /* Log.swift in Sources */ = {isa = PBXBuildFile; fileRef = EB5BA5D927A50D3E00C51B37 /* Log.swift */; };
		EB5BA5DC27A5702F00C51B37 /* LocalWeatherTableViewCell.swift in Sources */ = {isa = PBXBuildFile; fileRef = EB5BA5DB27A5702E00C51B37 /* LocalWeatherTableViewCell.swift */; };
		EB5BA5DE27A64E9B00C51B37 /* UIColor.swift in Sources */ = {isa = PBXBuildFile; fileRef = EB5BA5DD27A64E9B00C51B37 /* UIColor.swift */; };
/* End PBXBuildFile section */

/* Begin PBXFileReference section */
		843A62A427A2170D0056EB10 /* LocalWeather.app */ = {isa = PBXFileReference; explicitFileType = wrapper.application; includeInIndex = 0; path = LocalWeather.app; sourceTree = BUILT_PRODUCTS_DIR; };
		843A62A727A2170D0056EB10 /* AppDelegate.swift */ = {isa = PBXFileReference; lastKnownFileType = sourcecode.swift; path = AppDelegate.swift; sourceTree = "<group>"; };
		843A62A927A2170D0056EB10 /* SceneDelegate.swift */ = {isa = PBXFileReference; lastKnownFileType = sourcecode.swift; path = SceneDelegate.swift; sourceTree = "<group>"; };
		843A62AB27A2170D0056EB10 /* MainViewController.swift */ = {isa = PBXFileReference; lastKnownFileType = sourcecode.swift; path = MainViewController.swift; sourceTree = "<group>"; };
		843A62B027A2170E0056EB10 /* Assets.xcassets */ = {isa = PBXFileReference; lastKnownFileType = folder.assetcatalog; path = Assets.xcassets; sourceTree = "<group>"; };
		843A62B327A2170E0056EB10 /* Base */ = {isa = PBXFileReference; lastKnownFileType = file.storyboard; name = Base; path = Base.lproj/LaunchScreen.storyboard; sourceTree = "<group>"; };
		843A62B527A2170E0056EB10 /* Info.plist */ = {isa = PBXFileReference; lastKnownFileType = text.plist.xml; path = Info.plist; sourceTree = "<group>"; };
		843A62C027A224230056EB10 /* UIView.swift */ = {isa = PBXFileReference; lastKnownFileType = sourcecode.swift; path = UIView.swift; sourceTree = "<group>"; };
		843A62C327A224B40056EB10 /* NetworkService.swift */ = {isa = PBXFileReference; lastKnownFileType = sourcecode.swift; path = NetworkService.swift; sourceTree = "<group>"; };
		843A62EB27A241110056EB10 /* Int.swift */ = {isa = PBXFileReference; lastKnownFileType = sourcecode.swift; path = Int.swift; sourceTree = "<group>"; };
		843A62ED27A241630056EB10 /* Device.swift */ = {isa = PBXFileReference; lastKnownFileType = sourcecode.swift; path = Device.swift; sourceTree = "<group>"; };
		843A630227A3B3F50056EB10 /* WeatherModel.swift */ = {isa = PBXFileReference; lastKnownFileType = sourcecode.swift; path = WeatherModel.swift; sourceTree = "<group>"; };
		843A630427A3B69D0056EB10 /* Key.swift */ = {isa = PBXFileReference; lastKnownFileType = sourcecode.swift; path = Key.swift; sourceTree = "<group>"; };
		843A630627A3B89D0056EB10 /* WeatherService.swift */ = {isa = PBXFileReference; lastKnownFileType = sourcecode.swift; path = WeatherService.swift; sourceTree = "<group>"; };
		843A630827A3D6E90056EB10 /* WeatherViewModel.swift */ = {isa = PBXFileReference; lastKnownFileType = sourcecode.swift; path = WeatherViewModel.swift; sourceTree = "<group>"; };
		843A630A27A3D70B0056EB10 /* ViewModel.swift */ = {isa = PBXFileReference; lastKnownFileType = sourcecode.swift; path = ViewModel.swift; sourceTree = "<group>"; };
		A655AC2FAC5A99D5B7B48C96 /* Pods-LocalWeather.debug.xcconfig */ = {isa = PBXFileReference; includeInIndex = 1; lastKnownFileType = text.xcconfig; name = "Pods-LocalWeather.debug.xcconfig"; path = "Target Support Files/Pods-LocalWeather/Pods-LocalWeather.debug.xcconfig"; sourceTree = "<group>"; };
		A8BD036F7477383CE9BC6E3A /* Pods-LocalWeather.release.xcconfig */ = {isa = PBXFileReference; includeInIndex = 1; lastKnownFileType = text.xcconfig; name = "Pods-LocalWeather.release.xcconfig"; path = "Target Support Files/Pods-LocalWeather/Pods-LocalWeather.release.xcconfig"; sourceTree = "<group>"; };
		D227DAE76E12E9DC34785174 /* Pods_LocalWeather.framework */ = {isa = PBXFileReference; explicitFileType = wrapper.framework; includeInIndex = 0; path = Pods_LocalWeather.framework; sourceTree = BUILT_PRODUCTS_DIR; };
		EB5BA5D927A50D3E00C51B37 /* Log.swift */ = {isa = PBXFileReference; lastKnownFileType = sourcecode.swift; path = Log.swift; sourceTree = "<group>"; };
		EB5BA5DB27A5702E00C51B37 /* LocalWeatherTableViewCell.swift */ = {isa = PBXFileReference; lastKnownFileType = sourcecode.swift; path = LocalWeatherTableViewCell.swift; sourceTree = "<group>"; };
		EB5BA5DD27A64E9B00C51B37 /* UIColor.swift */ = {isa = PBXFileReference; lastKnownFileType = sourcecode.swift; path = UIColor.swift; sourceTree = "<group>"; };
/* End PBXFileReference section */

/* Begin PBXFrameworksBuildPhase section */
		843A62A127A2170D0056EB10 /* Frameworks */ = {
			isa = PBXFrameworksBuildPhase;
			buildActionMask = 2147483647;
			files = (
				024C4DB0A8E0BE299DCD579F /* Pods_LocalWeather.framework in Frameworks */,
			);
			runOnlyForDeploymentPostprocessing = 0;
		};
/* End PBXFrameworksBuildPhase section */

/* Begin PBXGroup section */
		843A629B27A2170D0056EB10 = {
			isa = PBXGroup;
			children = (
				843A62A627A2170D0056EB10 /* LocalWeather */,
				843A62A527A2170D0056EB10 /* Products */,
				BC13BED7FFEE1A96596736CA /* Pods */,
				DA6C90EF11701C66EA46C9D1 /* Frameworks */,
			);
			sourceTree = "<group>";
		};
		843A62A527A2170D0056EB10 /* Products */ = {
			isa = PBXGroup;
			children = (
				843A62A427A2170D0056EB10 /* LocalWeather.app */,
			);
			name = Products;
			sourceTree = "<group>";
		};
		843A62A627A2170D0056EB10 /* LocalWeather */ = {
			isa = PBXGroup;
			children = (
				843A62BB27A217860056EB10 /* Entry */,
				843A62BF27A217FD0056EB10 /* Utill */,
				843A62BC27A217E50056EB10 /* View */,
				843A62BD27A217F00056EB10 /* Model */,
				843A62BE27A217F50056EB10 /* ViewModel */,
				843A62B027A2170E0056EB10 /* Assets.xcassets */,
				843A62B527A2170E0056EB10 /* Info.plist */,
			);
			path = LocalWeather;
			sourceTree = "<group>";
		};
		843A62BB27A217860056EB10 /* Entry */ = {
			isa = PBXGroup;
			children = (
				843A62B227A2170E0056EB10 /* LaunchScreen.storyboard */,
				843A62A727A2170D0056EB10 /* AppDelegate.swift */,
				843A62A927A2170D0056EB10 /* SceneDelegate.swift */,
			);
			path = Entry;
			sourceTree = "<group>";
		};
		843A62BC27A217E50056EB10 /* View */ = {
			isa = PBXGroup;
			children = (
				843A62AB27A2170D0056EB10 /* MainViewController.swift */,
				EB5BA5DB27A5702E00C51B37 /* LocalWeatherTableViewCell.swift */,
			);
			path = View;
			sourceTree = "<group>";
		};
		843A62BD27A217F00056EB10 /* Model */ = {
			isa = PBXGroup;
			children = (
				843A630227A3B3F50056EB10 /* WeatherModel.swift */,
			);
			path = Model;
			sourceTree = "<group>";
		};
		843A62BE27A217F50056EB10 /* ViewModel */ = {
			isa = PBXGroup;
			children = (
				843A62EF27A242350056EB10 /* Service */,
				843A630827A3D6E90056EB10 /* WeatherViewModel.swift */,
				843A630A27A3D70B0056EB10 /* ViewModel.swift */,
			);
			path = ViewModel;
			sourceTree = "<group>";
		};
		843A62BF27A217FD0056EB10 /* Utill */ = {
			isa = PBXGroup;
			children = (
				843A62C227A224A40056EB10 /* Extension */,
				843A62C327A224B40056EB10 /* NetworkService.swift */,
				843A62ED27A241630056EB10 /* Device.swift */,
				843A630427A3B69D0056EB10 /* Key.swift */,
				EB5BA5D927A50D3E00C51B37 /* Log.swift */,
			);
			path = Utill;
			sourceTree = "<group>";
		};
		843A62C227A224A40056EB10 /* Extension */ = {
			isa = PBXGroup;
			children = (
				843A62C027A224230056EB10 /* UIView.swift */,
				843A62EB27A241110056EB10 /* Int.swift */,
				EB5BA5DD27A64E9B00C51B37 /* UIColor.swift */,
			);
			path = Extension;
			sourceTree = "<group>";
		};
		843A62EF27A242350056EB10 /* Service */ = {
			isa = PBXGroup;
			children = (
				843A630627A3B89D0056EB10 /* WeatherService.swift */,
			);
			path = Service;
			sourceTree = "<group>";
		};
		BC13BED7FFEE1A96596736CA /* Pods */ = {
			isa = PBXGroup;
			children = (
				A655AC2FAC5A99D5B7B48C96 /* Pods-LocalWeather.debug.xcconfig */,
				A8BD036F7477383CE9BC6E3A /* Pods-LocalWeather.release.xcconfig */,
			);
			path = Pods;
			sourceTree = "<group>";
		};
		DA6C90EF11701C66EA46C9D1 /* Frameworks */ = {
			isa = PBXGroup;
			children = (
				D227DAE76E12E9DC34785174 /* Pods_LocalWeather.framework */,
			);
			name = Frameworks;
			sourceTree = "<group>";
		};
/* End PBXGroup section */

/* Begin PBXNativeTarget section */
		843A62A327A2170D0056EB10 /* LocalWeather */ = {
			isa = PBXNativeTarget;
			buildConfigurationList = 843A62B827A2170E0056EB10 /* Build configuration list for PBXNativeTarget "LocalWeather" */;
			buildPhases = (
				EA0A2CAAE20F01E0B6195DBB /* [CP] Check Pods Manifest.lock */,
				843A62A027A2170D0056EB10 /* Sources */,
				843A62A127A2170D0056EB10 /* Frameworks */,
				843A62A227A2170D0056EB10 /* Resources */,
				4DF2F2645AD5B9A960722CB0 /* [CP] Embed Pods Frameworks */,
			);
			buildRules = (
			);
			dependencies = (
			);
			name = LocalWeather;
			productName = LocalWeather;
			productReference = 843A62A427A2170D0056EB10 /* LocalWeather.app */;
			productType = "com.apple.product-type.application";
		};
/* End PBXNativeTarget section */

/* Begin PBXProject section */
		843A629C27A2170D0056EB10 /* Project object */ = {
			isa = PBXProject;
			attributes = {
				BuildIndependentTargetsInParallel = 1;
				LastSwiftUpdateCheck = 1320;
				LastUpgradeCheck = 1320;
				TargetAttributes = {
					843A62A327A2170D0056EB10 = {
						CreatedOnToolsVersion = 13.2.1;
					};
				};
			};
			buildConfigurationList = 843A629F27A2170D0056EB10 /* Build configuration list for PBXProject "LocalWeather" */;
			compatibilityVersion = "Xcode 13.0";
			developmentRegion = en;
			hasScannedForEncodings = 0;
			knownRegions = (
				en,
				Base,
			);
			mainGroup = 843A629B27A2170D0056EB10;
			productRefGroup = 843A62A527A2170D0056EB10 /* Products */;
			projectDirPath = "";
			projectRoot = "";
			targets = (
				843A62A327A2170D0056EB10 /* LocalWeather */,
			);
		};
/* End PBXProject section */

/* Begin PBXResourcesBuildPhase section */
		843A62A227A2170D0056EB10 /* Resources */ = {
			isa = PBXResourcesBuildPhase;
			buildActionMask = 2147483647;
			files = (
				843A62B427A2170E0056EB10 /* LaunchScreen.storyboard in Resources */,
				843A62B127A2170E0056EB10 /* Assets.xcassets in Resources */,
			);
			runOnlyForDeploymentPostprocessing = 0;
		};
/* End PBXResourcesBuildPhase section */

/* Begin PBXShellScriptBuildPhase section */
		4DF2F2645AD5B9A960722CB0 /* [CP] Embed Pods Frameworks */ = {
			isa = PBXShellScriptBuildPhase;
			buildActionMask = 2147483647;
			files = (
			);
			inputFileListPaths = (
				"${PODS_ROOT}/Target Support Files/Pods-LocalWeather/Pods-LocalWeather-frameworks-${CONFIGURATION}-input-files.xcfilelist",
			);
			name = "[CP] Embed Pods Frameworks";
			outputFileListPaths = (
				"${PODS_ROOT}/Target Support Files/Pods-LocalWeather/Pods-LocalWeather-frameworks-${CONFIGURATION}-output-files.xcfilelist",
			);
			runOnlyForDeploymentPostprocessing = 0;
			shellPath = /bin/sh;
			shellScript = "\"${PODS_ROOT}/Target Support Files/Pods-LocalWeather/Pods-LocalWeather-frameworks.sh\"\n";
			showEnvVarsInLog = 0;
		};
		EA0A2CAAE20F01E0B6195DBB /* [CP] Check Pods Manifest.lock */ = {
			isa = PBXShellScriptBuildPhase;
			buildActionMask = 2147483647;
			files = (
			);
			inputFileListPaths = (
			);
			inputPaths = (
				"${PODS_PODFILE_DIR_PATH}/Podfile.lock",
				"${PODS_ROOT}/Manifest.lock",
			);
			name = "[CP] Check Pods Manifest.lock";
			outputFileListPaths = (
			);
			outputPaths = (
				"$(DERIVED_FILE_DIR)/Pods-LocalWeather-checkManifestLockResult.txt",
			);
			runOnlyForDeploymentPostprocessing = 0;
			shellPath = /bin/sh;
			shellScript = "diff \"${PODS_PODFILE_DIR_PATH}/Podfile.lock\" \"${PODS_ROOT}/Manifest.lock\" > /dev/null\nif [ $? != 0 ] ; then\n    # print error to STDERR\n    echo \"error: The sandbox is not in sync with the Podfile.lock. Run 'pod install' or update your CocoaPods installation.\" >&2\n    exit 1\nfi\n# This output is used by Xcode 'outputs' to avoid re-running this script phase.\necho \"SUCCESS\" > \"${SCRIPT_OUTPUT_FILE_0}\"\n";
			showEnvVarsInLog = 0;
		};
/* End PBXShellScriptBuildPhase section */

/* Begin PBXSourcesBuildPhase section */
		843A62A027A2170D0056EB10 /* Sources */ = {
			isa = PBXSourcesBuildPhase;
			buildActionMask = 2147483647;
			files = (
				843A630727A3B89D0056EB10 /* WeatherService.swift in Sources */,
				843A62C427A224B40056EB10 /* NetworkService.swift in Sources */,
				EB5BA5DA27A50D3E00C51B37 /* Log.swift in Sources */,
				843A62C127A224230056EB10 /* UIView.swift in Sources */,
				EB5BA5DE27A64E9B00C51B37 /* UIColor.swift in Sources */,
				843A630927A3D6E90056EB10 /* WeatherViewModel.swift in Sources */,
				843A630527A3B69D0056EB10 /* Key.swift in Sources */,
				EB5BA5DC27A5702F00C51B37 /* LocalWeatherTableViewCell.swift in Sources */,
				843A62AC27A2170D0056EB10 /* MainViewController.swift in Sources */,
				843A62EC27A241110056EB10 /* Int.swift in Sources */,
				843A62A827A2170D0056EB10 /* AppDelegate.swift in Sources */,
				843A62AA27A2170D0056EB10 /* SceneDelegate.swift in Sources */,
				843A630327A3B3F50056EB10 /* WeatherModel.swift in Sources */,
				843A630B27A3D70B0056EB10 /* ViewModel.swift in Sources */,
				843A62EE27A241630056EB10 /* Device.swift in Sources */,
			);
			runOnlyForDeploymentPostprocessing = 0;
		};
/* End PBXSourcesBuildPhase section */

/* Begin PBXVariantGroup section */
		843A62B227A2170E0056EB10 /* LaunchScreen.storyboard */ = {
			isa = PBXVariantGroup;
			children = (
				843A62B327A2170E0056EB10 /* Base */,
			);
			name = LaunchScreen.storyboard;
			sourceTree = "<group>";
		};
/* End PBXVariantGroup section */

/* Begin XCBuildConfiguration section */
		843A62B627A2170E0056EB10 /* Debug */ = {
			isa = XCBuildConfiguration;
			buildSettings = {
				ALWAYS_SEARCH_USER_PATHS = NO;
				CLANG_ANALYZER_NONNULL = YES;
				CLANG_ANALYZER_NUMBER_OBJECT_CONVERSION = YES_AGGRESSIVE;
				CLANG_CXX_LANGUAGE_STANDARD = "gnu++17";
				CLANG_CXX_LIBRARY = "libc++";
				CLANG_ENABLE_MODULES = YES;
				CLANG_ENABLE_OBJC_ARC = YES;
				CLANG_ENABLE_OBJC_WEAK = YES;
				CLANG_WARN_BLOCK_CAPTURE_AUTORELEASING = YES;
				CLANG_WARN_BOOL_CONVERSION = YES;
				CLANG_WARN_COMMA = YES;
				CLANG_WARN_CONSTANT_CONVERSION = YES;
				CLANG_WARN_DEPRECATED_OBJC_IMPLEMENTATIONS = YES;
				CLANG_WARN_DIRECT_OBJC_ISA_USAGE = YES_ERROR;
				CLANG_WARN_DOCUMENTATION_COMMENTS = YES;
				CLANG_WARN_EMPTY_BODY = YES;
				CLANG_WARN_ENUM_CONVERSION = YES;
				CLANG_WARN_INFINITE_RECURSION = YES;
				CLANG_WARN_INT_CONVERSION = YES;
				CLANG_WARN_NON_LITERAL_NULL_CONVERSION = YES;
				CLANG_WARN_OBJC_IMPLICIT_RETAIN_SELF = YES;
				CLANG_WARN_OBJC_LITERAL_CONVERSION = YES;
				CLANG_WARN_OBJC_ROOT_CLASS = YES_ERROR;
				CLANG_WARN_QUOTED_INCLUDE_IN_FRAMEWORK_HEADER = YES;
				CLANG_WARN_RANGE_LOOP_ANALYSIS = YES;
				CLANG_WARN_STRICT_PROTOTYPES = YES;
				CLANG_WARN_SUSPICIOUS_MOVE = YES;
				CLANG_WARN_UNGUARDED_AVAILABILITY = YES_AGGRESSIVE;
				CLANG_WARN_UNREACHABLE_CODE = YES;
				CLANG_WARN__DUPLICATE_METHOD_MATCH = YES;
				COPY_PHASE_STRIP = NO;
				DEBUG_INFORMATION_FORMAT = dwarf;
				ENABLE_STRICT_OBJC_MSGSEND = YES;
				ENABLE_TESTABILITY = YES;
				GCC_C_LANGUAGE_STANDARD = gnu11;
				GCC_DYNAMIC_NO_PIC = NO;
				GCC_NO_COMMON_BLOCKS = YES;
				GCC_OPTIMIZATION_LEVEL = 0;
				GCC_PREPROCESSOR_DEFINITIONS = (
					"DEBUG=1",
					"$(inherited)",
				);
				GCC_WARN_64_TO_32_BIT_CONVERSION = YES;
				GCC_WARN_ABOUT_RETURN_TYPE = YES_ERROR;
				GCC_WARN_UNDECLARED_SELECTOR = YES;
				GCC_WARN_UNINITIALIZED_AUTOS = YES_AGGRESSIVE;
				GCC_WARN_UNUSED_FUNCTION = YES;
				GCC_WARN_UNUSED_VARIABLE = YES;
				IPHONEOS_DEPLOYMENT_TARGET = 15.2;
				MTL_ENABLE_DEBUG_INFO = INCLUDE_SOURCE;
				MTL_FAST_MATH = YES;
				ONLY_ACTIVE_ARCH = YES;
				SDKROOT = iphoneos;
				SWIFT_ACTIVE_COMPILATION_CONDITIONS = DEBUG;
				SWIFT_OPTIMIZATION_LEVEL = "-Onone";
			};
			name = Debug;
		};
		843A62B727A2170E0056EB10 /* Release */ = {
			isa = XCBuildConfiguration;
			buildSettings = {
				ALWAYS_SEARCH_USER_PATHS = NO;
				CLANG_ANALYZER_NONNULL = YES;
				CLANG_ANALYZER_NUMBER_OBJECT_CONVERSION = YES_AGGRESSIVE;
				CLANG_CXX_LANGUAGE_STANDARD = "gnu++17";
				CLANG_CXX_LIBRARY = "libc++";
				CLANG_ENABLE_MODULES = YES;
				CLANG_ENABLE_OBJC_ARC = YES;
				CLANG_ENABLE_OBJC_WEAK = YES;
				CLANG_WARN_BLOCK_CAPTURE_AUTORELEASING = YES;
				CLANG_WARN_BOOL_CONVERSION = YES;
				CLANG_WARN_COMMA = YES;
				CLANG_WARN_CONSTANT_CONVERSION = YES;
				CLANG_WARN_DEPRECATED_OBJC_IMPLEMENTATIONS = YES;
				CLANG_WARN_DIRECT_OBJC_ISA_USAGE = YES_ERROR;
				CLANG_WARN_DOCUMENTATION_COMMENTS = YES;
				CLANG_WARN_EMPTY_BODY = YES;
				CLANG_WARN_ENUM_CONVERSION = YES;
				CLANG_WARN_INFINITE_RECURSION = YES;
				CLANG_WARN_INT_CONVERSION = YES;
				CLANG_WARN_NON_LITERAL_NULL_CONVERSION = YES;
				CLANG_WARN_OBJC_IMPLICIT_RETAIN_SELF = YES;
				CLANG_WARN_OBJC_LITERAL_CONVERSION = YES;
				CLANG_WARN_OBJC_ROOT_CLASS = YES_ERROR;
				CLANG_WARN_QUOTED_INCLUDE_IN_FRAMEWORK_HEADER = YES;
				CLANG_WARN_RANGE_LOOP_ANALYSIS = YES;
				CLANG_WARN_STRICT_PROTOTYPES = YES;
				CLANG_WARN_SUSPICIOUS_MOVE = YES;
				CLANG_WARN_UNGUARDED_AVAILABILITY = YES_AGGRESSIVE;
				CLANG_WARN_UNREACHABLE_CODE = YES;
				CLANG_WARN__DUPLICATE_METHOD_MATCH = YES;
				COPY_PHASE_STRIP = NO;
				DEBUG_INFORMATION_FORMAT = "dwarf-with-dsym";
				ENABLE_NS_ASSERTIONS = NO;
				ENABLE_STRICT_OBJC_MSGSEND = YES;
				GCC_C_LANGUAGE_STANDARD = gnu11;
				GCC_NO_COMMON_BLOCKS = YES;
				GCC_WARN_64_TO_32_BIT_CONVERSION = YES;
				GCC_WARN_ABOUT_RETURN_TYPE = YES_ERROR;
				GCC_WARN_UNDECLARED_SELECTOR = YES;
				GCC_WARN_UNINITIALIZED_AUTOS = YES_AGGRESSIVE;
				GCC_WARN_UNUSED_FUNCTION = YES;
				GCC_WARN_UNUSED_VARIABLE = YES;
				IPHONEOS_DEPLOYMENT_TARGET = 15.2;
				MTL_ENABLE_DEBUG_INFO = NO;
				MTL_FAST_MATH = YES;
				SDKROOT = iphoneos;
				SWIFT_COMPILATION_MODE = wholemodule;
				SWIFT_OPTIMIZATION_LEVEL = "-O";
				VALIDATE_PRODUCT = YES;
			};
			name = Release;
		};
		843A62B927A2170E0056EB10 /* Debug */ = {
			isa = XCBuildConfiguration;
			baseConfigurationReference = A655AC2FAC5A99D5B7B48C96 /* Pods-LocalWeather.debug.xcconfig */;
			buildSettings = {
				ASSETCATALOG_COMPILER_APPICON_NAME = AppIcon;
				ASSETCATALOG_COMPILER_GLOBAL_ACCENT_COLOR_NAME = AccentColor;
				CODE_SIGN_STYLE = Automatic;
				CURRENT_PROJECT_VERSION = 1;
				DEVELOPMENT_TEAM = RT3T8DHJJ3;
				GENERATE_INFOPLIST_FILE = YES;
				INFOPLIST_FILE = LocalWeather/Info.plist;
				INFOPLIST_KEY_UIApplicationSupportsIndirectInputEvents = YES;
				INFOPLIST_KEY_UILaunchStoryboardName = LaunchScreen;
				INFOPLIST_KEY_UISupportedInterfaceOrientations = "UIInterfaceOrientationPortrait UIInterfaceOrientationLandscapeLeft UIInterfaceOrientationLandscapeRight";
				INFOPLIST_KEY_UISupportedInterfaceOrientations_iPad = "UIInterfaceOrientationPortrait UIInterfaceOrientationPortraitUpsideDown UIInterfaceOrientationLandscapeLeft UIInterfaceOrientationLandscapeRight";
				INFOPLIST_KEY_UISupportedInterfaceOrientations_iPhone = "UIInterfaceOrientationPortrait UIInterfaceOrientationLandscapeLeft UIInterfaceOrientationLandscapeRight";
				IPHONEOS_DEPLOYMENT_TARGET = 14.0;
				LD_RUNPATH_SEARCH_PATHS = (
					"$(inherited)",
					"@executable_path/Frameworks",
				);
				MARKETING_VERSION = 1.0;
				PRODUCT_BUNDLE_IDENTIFIER = com.geon.LocalWeather;
				PRODUCT_NAME = "$(TARGET_NAME)";
				SWIFT_EMIT_LOC_STRINGS = YES;
				SWIFT_VERSION = 5.0;
				TARGETED_DEVICE_FAMILY = 1;
			};
			name = Debug;
		};
		843A62BA27A2170E0056EB10 /* Release */ = {
			isa = XCBuildConfiguration;
			baseConfigurationReference = A8BD036F7477383CE9BC6E3A /* Pods-LocalWeather.release.xcconfig */;
			buildSettings = {
				ASSETCATALOG_COMPILER_APPICON_NAME = AppIcon;
				ASSETCATALOG_COMPILER_GLOBAL_ACCENT_COLOR_NAME = AccentColor;
				CODE_SIGN_STYLE = Automatic;
				CURRENT_PROJECT_VERSION = 1;
				DEVELOPMENT_TEAM = RT3T8DHJJ3;
				GENERATE_INFOPLIST_FILE = YES;
				INFOPLIST_FILE = LocalWeather/Info.plist;
				INFOPLIST_KEY_UIApplicationSupportsIndirectInputEvents = YES;
				INFOPLIST_KEY_UILaunchStoryboardName = LaunchScreen;
				INFOPLIST_KEY_UISupportedInterfaceOrientations = "UIInterfaceOrientationPortrait UIInterfaceOrientationLandscapeLeft UIInterfaceOrientationLandscapeRight";
				INFOPLIST_KEY_UISupportedInterfaceOrientations_iPad = "UIInterfaceOrientationPortrait UIInterfaceOrientationPortraitUpsideDown UIInterfaceOrientationLandscapeLeft UIInterfaceOrientationLandscapeRight";
				INFOPLIST_KEY_UISupportedInterfaceOrientations_iPhone = "UIInterfaceOrientationPortrait UIInterfaceOrientationLandscapeLeft UIInterfaceOrientationLandscapeRight";
				IPHONEOS_DEPLOYMENT_TARGET = 14.0;
				LD_RUNPATH_SEARCH_PATHS = (
					"$(inherited)",
					"@executable_path/Frameworks",
				);
				MARKETING_VERSION = 1.0;
				PRODUCT_BUNDLE_IDENTIFIER = com.geon.LocalWeather;
				PRODUCT_NAME = "$(TARGET_NAME)";
				SWIFT_EMIT_LOC_STRINGS = YES;
				SWIFT_VERSION = 5.0;
				TARGETED_DEVICE_FAMILY = 1;
			};
			name = Release;
		};
/* End XCBuildConfiguration section */

/* Begin XCConfigurationList section */
		843A629F27A2170D0056EB10 /* Build configuration list for PBXProject "LocalWeather" */ = {
			isa = XCConfigurationList;
			buildConfigurations = (
				843A62B627A2170E0056EB10 /* Debug */,
				843A62B727A2170E0056EB10 /* Release */,
			);
			defaultConfigurationIsVisible = 0;
			defaultConfigurationName = Release;
		};
		843A62B827A2170E0056EB10 /* Build configuration list for PBXNativeTarget "LocalWeather" */ = {
			isa = XCConfigurationList;
			buildConfigurations = (
				843A62B927A2170E0056EB10 /* Debug */,
				843A62BA27A2170E0056EB10 /* Release */,
			);
			defaultConfigurationIsVisible = 0;
			defaultConfigurationName = Release;
		};
/* End XCConfigurationList section */
	};
	rootObject = 843A629C27A2170D0056EB10 /* Project object */;
}
